
Microsoft Visual Studio Solution File, Format Version 12.00
# Visual Studio 2013
VisualStudioVersion = 12.0.30501.0
MinimumVisualStudioVersion = 10.0.40219.1
Project("{2150E333-8FDC-42A3-9474-1A3956D46DE8}") = "OrangeEndLess", "OrangeEndLess", "{A363903E-1F7F-4354-9F79-007A6A2CA0A9}"
EndProject
Project("{D954291E-2A0B-460D-934E-DC6B0785DB48}") = "OrangeEndLess.Shared", "OrangeEndLess\OrangeEndLess.Shared\OrangeEndLess.Shared.shproj", "{46EEEA74-C8FF-4CEB-8C2C-BA120E84B638}"
EndProject
Project("{FAE04EC0-301F-11D3-BF4B-00C04F79EFBC}") = "OrangeEndLess.Windows", "OrangeEndLess\OrangeEndLess.Windows\OrangeEndLess.Windows.csproj", "{9A37A61D-30F2-44C8-9E83-4A8522225F47}"
EndProject
Project("{FAE04EC0-301F-11D3-BF4B-00C04F79EFBC}") = "OrangeEndLess.WindowsPhone", "OrangeEndLess\OrangeEndLess.WindowsPhone\OrangeEndLess.WindowsPhone.csproj", "{2EF079FB-05AB-4D1A-A2D4-AB1E2DFD2240}"
EndProject
Global
	GlobalSection(SharedMSBuildProjectFiles) = preSolution
		OrangeEndLess\OrangeEndLess.Shared\OrangeEndLess.Shared.projitems*{2ef079fb-05ab-4d1a-a2d4-ab1e2dfd2240}*SharedItemsImports = 4
		OrangeEndLess\OrangeEndLess.Shared\OrangeEndLess.Shared.projitems*{9a37a61d-30f2-44c8-9e83-4a8522225f47}*SharedItemsImports = 4
		OrangeEndLess\OrangeEndLess.Shared\OrangeEndLess.Shared.projitems*{46eeea74-c8ff-4ceb-8c2c-ba120e84b638}*SharedItemsImports = 13
	EndGlobalSection
	GlobalSection(TeamFoundationVersionControl) = preSolution
		SccNumberOfProjects = 5
		SccEnterpriseProvider = {4CA58AB2-18FA-4F8D-95D4-32DDF27D184C}
		SccTeamFoundationServer = https://wenceywang.visualstudio.com/defaultcollection
		SccLocalPath0 = .
		SccProjectUniqueName1 = OrangeEndLess\\OrangeEndLess.Shared\\OrangeEndLess.Shared.projitems
		SccProjectTopLevelParentUniqueName1 = OrangeEndLess.sln
		SccProjectName1 = OrangeEndLess/OrangeEndLess.Shared
		SccLocalPath1 = OrangeEndLess\\OrangeEndLess.Shared
		SccProjectUniqueName2 = OrangeEndLess\\OrangeEndLess.Shared\\OrangeEndLess.Shared.shproj
		SccProjectTopLevelParentUniqueName2 = OrangeEndLess.sln
		SccProjectName2 = OrangeEndLess/OrangeEndLess.Shared
		SccLocalPath2 = OrangeEndLess\\OrangeEndLess.Shared
		SccProjectUniqueName3 = OrangeEndLess\\OrangeEndLess.Windows\\OrangeEndLess.Windows.csproj
		SccProjectTopLevelParentUniqueName3 = OrangeEndLess.sln
		SccProjectName3 = OrangeEndLess/OrangeEndLess.Windows
		SccLocalPath3 = OrangeEndLess\\OrangeEndLess.Windows
		SccProjectUniqueName4 = OrangeEndLess\\OrangeEndLess.WindowsPhone\\OrangeEndLess.WindowsPhone.csproj
		SccProjectTopLevelParentUniqueName4 = OrangeEndLess.sln
		SccProjectName4 = OrangeEndLess/OrangeEndLess.WindowsPhone
		SccLocalPath4 = OrangeEndLess\\OrangeEndLess.WindowsPhone
	EndGlobalSection
	GlobalSection(SolutionConfigurationPlatforms) = preSolution
		Debug|Any CPU = Debug|Any CPU
		Debug|ARM = Debug|ARM
		Debug|x64 = Debug|x64
		Debug|x86 = Debug|x86
		Release|Any CPU = Release|Any CPU
		Release|ARM = Release|ARM
		Release|x64 = Release|x64
		Release|x86 = Release|x86
	EndGlobalSection
	GlobalSection(ProjectConfigurationPlatforms) = postSolution
		{9A37A61D-30F2-44C8-9E83-4A8522225F47}.Debug|Any CPU.ActiveCfg = Debug|Any CPU
		{9A37A61D-30F2-44C8-9E83-4A8522225F47}.Debug|Any CPU.Build.0 = Debug|Any CPU
		{9A37A61D-30F2-44C8-9E83-4A8522225F47}.Debug|Any CPU.Deploy.0 = Debug|Any CPU
		{9A37A61D-30F2-44C8-9E83-4A8522225F47}.Debug|ARM.ActiveCfg = Debug|ARM
		{9A37A61D-30F2-44C8-9E83-4A8522225F47}.Debug|ARM.Build.0 = Debug|ARM
		{9A37A61D-30F2-44C8-9E83-4A8522225F47}.Debug|ARM.Deploy.0 = Debug|ARM
		{9A37A61D-30F2-44C8-9E83-4A8522225F47}.Debug|x64.ActiveCfg = Debug|x64
		{9A37A61D-30F2-44C8-9E83-4A8522225F47}.Debug|x64.Build.0 = Debug|x64
		{9A37A61D-30F2-44C8-9E83-4A8522225F47}.Debug|x64.Deploy.0 = Debug|x64
		{9A37A61D-30F2-44C8-9E83-4A8522225F47}.Debug|x86.ActiveCfg = Debug|x86
		{9A37A61D-30F2-44C8-9E83-4A8522225F47}.Debug|x86.Build.0 = Debug|x86
		{9A37A61D-30F2-44C8-9E83-4A8522225F47}.Debug|x86.Deploy.0 = Debug|x86
		{9A37A61D-30F2-44C8-9E83-4A8522225F47}.Release|Any CPU.ActiveCfg = Release|Any CPU
		{9A37A61D-30F2-44C8-9E83-4A8522225F47}.Release|Any CPU.Build.0 = Release|Any CPU
		{9A37A61D-30F2-44C8-9E83-4A8522225F47}.Release|Any CPU.Deploy.0 = Release|Any CPU
		{9A37A61D-30F2-44C8-9E83-4A8522225F47}.Release|ARM.ActiveCfg = Release|ARM
		{9A37A61D-30F2-44C8-9E83-4A8522225F47}.Release|ARM.Build.0 = Release|ARM
		{9A37A61D-30F2-44C8-9E83-4A8522225F47}.Release|ARM.Deploy.0 = Release|ARM
		{9A37A61D-30F2-44C8-9E83-4A8522225F47}.Release|x64.ActiveCfg = Release|x64
		{9A37A61D-30F2-44C8-9E83-4A8522225F47}.Release|x64.Build.0 = Release|x64
		{9A37A61D-30F2-44C8-9E83-4A8522225F47}.Release|x64.Deploy.0 = Release|x64
		{9A37A61D-30F2-44C8-9E83-4A8522225F47}.Release|x86.ActiveCfg = Release|x86
		{9A37A61D-30F2-44C8-9E83-4A8522225F47}.Release|x86.Build.0 = Release|x86
		{9A37A61D-30F2-44C8-9E83-4A8522225F47}.Release|x86.Deploy.0 = Release|x86
		{2EF079FB-05AB-4D1A-A2D4-AB1E2DFD2240}.Debug|Any CPU.ActiveCfg = Debug|Any CPU
		{2EF079FB-05AB-4D1A-A2D4-AB1E2DFD2240}.Debug|Any CPU.Build.0 = Debug|Any CPU
		{2EF079FB-05AB-4D1A-A2D4-AB1E2DFD2240}.Debug|Any CPU.Deploy.0 = Debug|Any CPU
		{2EF079FB-05AB-4D1A-A2D4-AB1E2DFD2240}.Debug|ARM.ActiveCfg = Debug|ARM
		{2EF079FB-05AB-4D1A-A2D4-AB1E2DFD2240}.Debug|ARM.Build.0 = Debug|ARM
		{2EF079FB-05AB-4D1A-A2D4-AB1E2DFD2240}.Debug|ARM.Deploy.0 = Debug|ARM
		{2EF079FB-05AB-4D1A-A2D4-AB1E2DFD2240}.Debug|x64.ActiveCfg = Debug|Any CPU
		{2EF079FB-05AB-4D1A-A2D4-AB1E2DFD2240}.Debug|x86.ActiveCfg = Debug|x86
		{2EF079FB-05AB-4D1A-A2D4-AB1E2DFD2240}.Debug|x86.Build.0 = Debug|x86
		{2EF079FB-05AB-4D1A-A2D4-AB1E2DFD2240}.Debug|x86.Deploy.0 = Debug|x86
		{2EF079FB-05AB-4D1A-A2D4-AB1E2DFD2240}.Release|Any CPU.ActiveCfg = Release|Any CPU
		{2EF079FB-05AB-4D1A-A2D4-AB1E2DFD2240}.Release|Any CPU.Build.0 = Release|Any CPU
		{2EF079FB-05AB-4D1A-A2D4-AB1E2DFD2240}.Release|Any CPU.Deploy.0 = Release|Any CPU
		{2EF079FB-05AB-4D1A-A2D4-AB1E2DFD2240}.Release|ARM.ActiveCfg = Release|ARM
		{2EF079FB-05AB-4D1A-A2D4-AB1E2DFD2240}.Release|ARM.Build.0 = Release|ARM
		{2EF079FB-05AB-4D1A-A2D4-AB1E2DFD2240}.Release|ARM.Deploy.0 = Release|ARM
		{2EF079FB-05AB-4D1A-A2D4-AB1E2DFD2240}.Release|x64.ActiveCfg = Release|Any CPU
		{2EF079FB-05AB-4D1A-A2D4-AB1E2DFD2240}.Release|x86.ActiveCfg = Release|x86
		{2EF079FB-05AB-4D1A-A2D4-AB1E2DFD2240}.Release|x86.Build.0 = Release|x86
		{2EF079FB-05AB-4D1A-A2D4-AB1E2DFD2240}.Release|x86.Deploy.0 = Release|x86
	EndGlobalSection
	GlobalSection(SolutionProperties) = preSolution
		HideSolutionNode = FALSE
	EndGlobalSection
	GlobalSection(NestedProjects) = preSolution
		{46EEEA74-C8FF-4CEB-8C2C-BA120E84B638} = {A363903E-1F7F-4354-9F79-007A6A2CA0A9}
		{9A37A61D-30F2-44C8-9E83-4A8522225F47} = {A363903E-1F7F-4354-9F79-007A6A2CA0A9}
		{2EF079FB-05AB-4D1A-A2D4-AB1E2DFD2240} = {A363903E-1F7F-4354-9F79-007A6A2CA0A9}
	EndGlobalSection
EndGlobal
